
Microsoft Visual Studio Solution File, Format Version 12.00
# Visual Studio Version 17
VisualStudioVersion = 17.0.31903.59
MinimumVisualStudioVersion = 10.0.40219.1
Project("{2150E333-8FDC-42A3-9474-1A3956D46DE8}") = "src", "src", "{827E0CD3-B72D-47B6-A68D-7590B98EB39B}"
EndProject
Project("{FAE04EC0-301F-11D3-BF4B-00C04F79EFBC}") = "Tamiza.Api", "src\Tamiza.Api\Tamiza.Api.csproj", "{8B63D7DE-CD06-4A17-A96E-60EC13FE132D}"
EndProject
Project("{2150E333-8FDC-42A3-9474-1A3956D46DE8}") = "tests", "tests", "{0AB3BF05-4346-4AA6-1389-037BE0695223}"
EndProject
Project("{FAE04EC0-301F-11D3-BF4B-00C04F79EFBC}") = "Tamiza.Api.UnitTests", "tests\Tamiza.Api.UnitTests\Tamiza.Api.UnitTests.csproj", "{235F12EE-7C0B-4101-8AE9-A4BDC639C683}"
EndProject
Project("{FAE04EC0-301F-11D3-BF4B-00C04F79EFBC}") = "Tamiza.Api.IntegrationTests", "tests\Tamiza.Api.IntegrationTests\Tamiza.Api.IntegrationTests.csproj", "{52B403FD-51D6-4D66-8753-532201CFFDCD}"
EndProject
Project("{FAE04EC0-301F-11D3-BF4B-00C04F79EFBC}") = "Tamiza.DbUp", "src\dbUp\Tamiza.DbUp.csproj", "{2F02A68E-68CC-4129-B0B5-C0E75FA686F6}"
EndProject
Global
	GlobalSection(SolutionConfigurationPlatforms) = preSolution
		Debug|Any CPU = Debug|Any CPU
		Debug|x64 = Debug|x64
		Debug|x86 = Debug|x86
		Release|Any CPU = Release|Any CPU
		Release|x64 = Release|x64
		Release|x86 = Release|x86
	EndGlobalSection
	GlobalSection(ProjectConfigurationPlatforms) = postSolution
		{8B63D7DE-CD06-4A17-A96E-60EC13FE132D}.Debug|Any CPU.ActiveCfg = Debug|Any CPU
		{8B63D7DE-CD06-4A17-A96E-60EC13FE132D}.Debug|Any CPU.Build.0 = Debug|Any CPU
		{8B63D7DE-CD06-4A17-A96E-60EC13FE132D}.Debug|x64.ActiveCfg = Debug|Any CPU
		{8B63D7DE-CD06-4A17-A96E-60EC13FE132D}.Debug|x64.Build.0 = Debug|Any CPU
		{8B63D7DE-CD06-4A17-A96E-60EC13FE132D}.Debug|x86.ActiveCfg = Debug|Any CPU
		{8B63D7DE-CD06-4A17-A96E-60EC13FE132D}.Debug|x86.Build.0 = Debug|Any CPU
		{8B63D7DE-CD06-4A17-A96E-60EC13FE132D}.Release|Any CPU.ActiveCfg = Release|Any CPU
		{8B63D7DE-CD06-4A17-A96E-60EC13FE132D}.Release|Any CPU.Build.0 = Release|Any CPU
		{8B63D7DE-CD06-4A17-A96E-60EC13FE132D}.Release|x64.ActiveCfg = Release|Any CPU
		{8B63D7DE-CD06-4A17-A96E-60EC13FE132D}.Release|x64.Build.0 = Release|Any CPU
		{8B63D7DE-CD06-4A17-A96E-60EC13FE132D}.Release|x86.ActiveCfg = Release|Any CPU
		{8B63D7DE-CD06-4A17-A96E-60EC13FE132D}.Release|x86.Build.0 = Release|Any CPU
		{235F12EE-7C0B-4101-8AE9-A4BDC639C683}.Debug|Any CPU.ActiveCfg = Debug|Any CPU
		{235F12EE-7C0B-4101-8AE9-A4BDC639C683}.Debug|Any CPU.Build.0 = Debug|Any CPU
		{235F12EE-7C0B-4101-8AE9-A4BDC639C683}.Debug|x64.ActiveCfg = Debug|Any CPU
		{235F12EE-7C0B-4101-8AE9-A4BDC639C683}.Debug|x64.Build.0 = Debug|Any CPU
		{235F12EE-7C0B-4101-8AE9-A4BDC639C683}.Debug|x86.ActiveCfg = Debug|Any CPU
		{235F12EE-7C0B-4101-8AE9-A4BDC639C683}.Debug|x86.Build.0 = Debug|Any CPU
		{235F12EE-7C0B-4101-8AE9-A4BDC639C683}.Release|Any CPU.ActiveCfg = Release|Any CPU
		{235F12EE-7C0B-4101-8AE9-A4BDC639C683}.Release|Any CPU.Build.0 = Release|Any CPU
		{235F12EE-7C0B-4101-8AE9-A4BDC639C683}.Release|x64.ActiveCfg = Release|Any CPU
		{235F12EE-7C0B-4101-8AE9-A4BDC639C683}.Release|x64.Build.0 = Release|Any CPU
		{235F12EE-7C0B-4101-8AE9-A4BDC639C683}.Release|x86.ActiveCfg = Release|Any CPU
		{235F12EE-7C0B-4101-8AE9-A4BDC639C683}.Release|x86.Build.0 = Release|Any CPU
		{52B403FD-51D6-4D66-8753-532201CFFDCD}.Debug|Any CPU.ActiveCfg = Debug|Any CPU
		{52B403FD-51D6-4D66-8753-532201CFFDCD}.Debug|Any CPU.Build.0 = Debug|Any CPU
		{52B403FD-51D6-4D66-8753-532201CFFDCD}.Debug|x64.ActiveCfg = Debug|Any CPU
		{52B403FD-51D6-4D66-8753-532201CFFDCD}.Debug|x64.Build.0 = Debug|Any CPU
		{52B403FD-51D6-4D66-8753-532201CFFDCD}.Debug|x86.ActiveCfg = Debug|Any CPU
		{52B403FD-51D6-4D66-8753-532201CFFDCD}.Debug|x86.Build.0 = Debug|Any CPU
		{52B403FD-51D6-4D66-8753-532201CFFDCD}.Release|Any CPU.ActiveCfg = Release|Any CPU
		{52B403FD-51D6-4D66-8753-532201CFFDCD}.Release|Any CPU.Build.0 = Release|Any CPU
		{52B403FD-51D6-4D66-8753-532201CFFDCD}.Release|x64.ActiveCfg = Release|Any CPU
		{52B403FD-51D6-4D66-8753-532201CFFDCD}.Release|x64.Build.0 = Release|Any CPU
		{52B403FD-51D6-4D66-8753-532201CFFDCD}.Release|x86.ActiveCfg = Release|Any CPU
		{52B403FD-51D6-4D66-8753-532201CFFDCD}.Release|x86.Build.0 = Release|Any CPU
		{2F02A68E-68CC-4129-B0B5-C0E75FA686F6}.Debug|Any CPU.ActiveCfg = Debug|Any CPU
		{2F02A68E-68CC-4129-B0B5-C0E75FA686F6}.Debug|Any CPU.Build.0 = Debug|Any CPU
		{2F02A68E-68CC-4129-B0B5-C0E75FA686F6}.Debug|x64.ActiveCfg = Debug|Any CPU
		{2F02A68E-68CC-4129-B0B5-C0E75FA686F6}.Debug|x64.Build.0 = Debug|Any CPU
		{2F02A68E-68CC-4129-B0B5-C0E75FA686F6}.Debug|x86.ActiveCfg = Debug|Any CPU
		{2F02A68E-68CC-4129-B0B5-C0E75FA686F6}.Debug|x86.Build.0 = Debug|Any CPU
		{2F02A68E-68CC-4129-B0B5-C0E75FA686F6}.Release|Any CPU.ActiveCfg = Release|Any CPU
		{2F02A68E-68CC-4129-B0B5-C0E75FA686F6}.Release|Any CPU.Build.0 = Release|Any CPU
		{2F02A68E-68CC-4129-B0B5-C0E75FA686F6}.Release|x64.ActiveCfg = Release|Any CPU
		{2F02A68E-68CC-4129-B0B5-C0E75FA686F6}.Release|x64.Build.0 = Release|Any CPU
		{2F02A68E-68CC-4129-B0B5-C0E75FA686F6}.Release|x86.ActiveCfg = Release|Any CPU
		{2F02A68E-68CC-4129-B0B5-C0E75FA686F6}.Release|x86.Build.0 = Release|Any CPU
	EndGlobalSection
	GlobalSection(SolutionProperties) = preSolution
		HideSolutionNode = FALSE
	EndGlobalSection
	GlobalSection(NestedProjects) = preSolution
		{8B63D7DE-CD06-4A17-A96E-60EC13FE132D} = {827E0CD3-B72D-47B6-A68D-7590B98EB39B}
		{235F12EE-7C0B-4101-8AE9-A4BDC639C683} = {0AB3BF05-4346-4AA6-1389-037BE0695223}
		{52B403FD-51D6-4D66-8753-532201CFFDCD} = {0AB3BF05-4346-4AA6-1389-037BE0695223}
		{2F02A68E-68CC-4129-B0B5-C0E75FA686F6} = {827E0CD3-B72D-47B6-A68D-7590B98EB39B}
	EndGlobalSection
EndGlobal
