version = 1
revision = 5
requires-python = "==3.12.*"
resolution-markers = [
    "sys_platform == 'win32'",
    "sys_platform == 'emscripten'",
    "sys_platform != 'emscripten' and sys_platform != 'win32'",
]

[[package]]
name = "certifi"
version = "2026.7.22"
source = { registry = "https://pypi.org/simple" }
sdist = { url = "https://files.pythonhosted.org/packages/a3/c2/24167ea9858356b47a87a50d39908bfdb72ceeefe0041586e704e5376b3a/certifi-2026.7.22.tar.gz", hash = "sha256:741e2c3b351ddf169a738da9f2c048608ff7f2c5cc02f1ebc6b118bb090d5d55", size = 138112, upload-time = "2026-07-22T03:35:12.644Z" }
wheels = [
    { url = "https://files.pythonhosted.org/packages/0b/a7/71ac2cff56fec219ed242bb11b8efb69fcc4bec75db06fb7bfe35de520e6/certifi-2026.7.22-py3-none-any.whl", hash = "sha256:62f22742b58a1a33014a2b6b706588a8d7e2a88ae7bd1a6ebe8c992928483775", size = 136983, upload-time = "2026-07-22T03:35:11.276Z" },
]

[[package]]
name = "colorama"
version = "0.4.6"
source = { registry = "https://pypi.org/simple" }
sdist = { url = "https://files.pythonhosted.org/packages/d8/53/6f443c9a4a8358a93a6792e2acffb9d9d5cb0a5cfd8802644b7b1c9a02e4/colorama-0.4.6.tar.gz", hash = "sha256:08695f5cb7ed6e0531a20572697297273c47b8cae5a63ffc6d6ed5c201be6e44", size = 27697, upload-time = "2022-10-25T02:36:22.414Z" }
wheels = [
    { url = "https://files.pythonhosted.org/packages/d1/d6/3965ed04c63042e047cb6a3e6ed1a63a35087b6a609aa3a15ed8ac56c221/colorama-0.4.6-py2.py3-none-any.whl", hash = "sha256:4f1d9991f5acc0ca119f9d443620b77f9d6b33703e51011c16baf57afb285fc6", size = 25335, upload-time = "2022-10-25T02:36:20.889Z" },
]

[[package]]
name = "duckdb"
version = "1.5.6"
source = { registry = "https://pypi.org/simple" }
sdist = { url = "https://files.pythonhosted.org/packages/59/0b/d65ea3be00ea79aa276a8388bec588a9cbf409ce637c6d306e5316210d15/duckdb-1.5.6.tar.gz", hash = "sha256:166a91dbfacfc0c9f08cc76c0243cb6d3d4296bfab5bad72a3cfb63140a5b7c8", size = 18032957, upload-time = "2026-09-28T13:38:37.978Z" }
wheels = [
    { url = "https://files.pythonhosted.org/packages/d9/d5/d0ab77a0a1702a43171c93874f44c1f6481e30038bd3987df0d77a16a5c6/duckdb-1.5.6-cp312-cp312-macosx_10_13_universal2.whl", hash = "sha256:48d07d0651aaeac2c3974afd37599970154b7b79b54c18f27c319c14ccf98d9d", size = 32810486, upload-time = "2026-09-28T13:37:47.254Z" },
    { url = "https://files.pythonhosted.org/packages/9f/cd/b22201de5377faa3be6c38d5f3eaa504cb480392a448bed6a4d2239469b4/duckdb-1.5.6-cp312-cp312-macosx_10_13_x86_64.whl", hash = "sha256:79de3dfa8705b1ba0d59e7e3252e40ff399e0afd12f485502a6c7bf7c2fd809a", size = 17405278, upload-time = "2026-09-28T13:37:50.135Z" },
    { url = "https://files.pythonhosted.org/packages/9c/6d/f9cfb1493bbdc2f095693a402e42dce1192077f9e11573f00baed6a748de/duckdb-1.5.6-cp312-cp312-macosx_11_0_arm64.whl", hash = "sha256:dcccce20965e6986cd083fdf192c461685ad0b93cd1ccd0b2a8207f1185f078b", size = 15532943, upload-time = "2026-09-28T13:37:52.927Z" },
    { url = "https://files.pythonhosted.org/packages/53/04/f65ccfaa5a833f2e570c4a140f03c8f95da416da9fe8ed08401f81f8242a/duckdb-1.5.6-cp312-cp312-manylinux_2_26_aarch64.manylinux_2_28_aarch64.whl", hash = "sha256:ce89a1025a5317ebe9c520876c48032b5247ac574865486648b1a004f6009875", size = 19454940, upload-time = "2026-09-28T13:37:55.732Z" },
    { url = "https://files.pythonhosted.org/packages/4c/99/be75c788a492f8d77b7a1cdc1b19939ae7be0007f2028691ad371a1a33ee/duckdb-1.5.6-cp312-cp312-manylinux_2_26_x86_64.manylinux_2_28_x86_64.whl", hash = "sha256:bc9619ed7d4ffa117b5155d84b44794366bb6635178d78ed5e13a6024845c757", size = 21568087, upload-time = "2026-09-28T13:37:58.191Z" },
    { url = "https://files.pythonhosted.org/packages/b5/95/889f8508960e47c0a7c75cc5bf57cde8512fc24f8db7b3129cca5388da42/duckdb-1.5.6-cp312-cp312-win_amd64.whl", hash = "sha256:09ff51b230219f0d8b47fc8a1e17fb595ba9fab0c3d96a6de4d00b8ff86b3cf1", size = 13190189, upload-time = "2026-09-28T13:38:00.407Z" },
    { url = "https://files.pythonhosted.org/packages/a4/c9/baab503364a68309f8368c88e77f5341e7d94927bdf3e6d703f0e5035f3e/duckdb-1.5.6-cp312-cp312-win_arm64.whl", hash = "sha256:b8d795c8b2d5634b3269f974aa97f1fdf878f62f032317a52252a151b693fb1e", size = 14021977, upload-time = "2026-09-28T13:38:02.682Z" },
]

[[package]]
name = "et-xmlfile"
version = "2.0.0"
source = { registry = "https://pypi.org/simple" }
sdist = { url = "https://files.pythonhosted.org/packages/d3/38/af70d7ab1ae9d4da450eeec1fa3918940a5fafb9055e934af8d6eb0c2313/et_xmlfile-2.0.0.tar.gz", hash = "sha256:dab3f4764309081ce75662649be815c4c9081e88f0837825f90fd28317d4da54", size = 17234, upload-time = "2024-10-25T17:25:40.039Z" }
wheels = [
    { url = "https://files.pythonhosted.org/packages/c1/8b/5fe2cc11fee489817272089c4203e679c63b570a5aaeb18d852ae3cbba6a/et_xmlfile-2.0.0-py3-none-any.whl", hash = "sha256:7a91720bc756843502c3b7504c77b8fe44217c85c537d85037f0f536151b2caa", size = 18059, upload-time = "2024-10-25T17:25:39.051Z" },
]

[[package]]
name = "geopandas"
version = "1.2.0"
source = { registry = "https://pypi.org/simple" }
dependencies = [
    { name = "numpy" },
    { name = "packaging" },
    { name = "pandas" },
    { name = "pyogrio" },
    { name = "pyproj" },
    { name = "shapely" },
]
sdist = { url = "https://files.pythonhosted.org/packages/d3/6b/079d42d468f6537b0e8ba04ad411d53fe6b03070801e5b85328b01d28772/geopandas-1.2.0.tar.gz", hash = "sha256:72425b0dec1b77122b1e00f72c2b3b91f320cf0331ae236d37e26865e8808628", size = 337713, upload-time = "2026-09-28T15:53:57.721Z" }
wheels = [
    { url = "https://files.pythonhosted.org/packages/c7/26/10e1061c79b388621b7bae46fcd4942a8c62f960018adf4c38719e9e91ac/geopandas-1.2.0-py3-none-any.whl", hash = "sha256:948fd57df4f713697d5cce149333c0e4714965320c9f5ffa411666c577962eba", size = 368068, upload-time = "2026-09-28T15:53:55.62Z" },
]

[[package]]
name = "iniconfig"
version = "2.3.0"
source = { registry = "https://pypi.org/simple" }
sdist = { url = "https://files.pythonhosted.org/packages/72/34/14ca021ce8e5dfedc35312d08ba8bf51fdd999c576889fc2c24cb97f4f10/iniconfig-2.3.0.tar.gz", hash = "sha256:c76315c77db068650d49c5b56314774a7804df16fee4402c1f19d6d15d8c4730", size = 20503, upload-time = "2025-10-18T21:55:43.219Z" }
wheels = [
    { url = "https://files.pythonhosted.org/packages/cb/b1/3846dd7f199d53cb17f49cba7e651e9ce294d8497c8c150530ed11865bb8/iniconfig-2.3.0-py3-none-any.whl", hash = "sha256:f631c04d2c48c52b84d0d0549c99ff3859c98df65b3101406327ecc7d53fbf12", size = 7484, upload-time = "2025-10-18T21:55:41.639Z" },
]

[[package]]
name = "numpy"
version = "2.5.3"
source = { registry = "https://pypi.org/simple" }
sdist = { url = "https://files.pythonhosted.org/packages/13/01/11703282db468b85f6f7b8c7f22d058de5970d5c7e60a3a8aaa313c3de36/numpy-2.5.3.tar.gz", hash = "sha256:df2d5874ff183595a4ba404edd04f6bd9b5505c1d7708573f6a6c17489a67563", size = 20791231, upload-time = "2026-09-06T16:27:47.073Z" }
wheels = [
    { url = "https://files.pythonhosted.org/packages/d6/50/8fdbb16af64895706a45f06a4068e29db732ec180f3c1375f14123359138/numpy-2.5.3-cp312-cp312-macosx_10_13_x86_64.whl", hash = "sha256:cb189f09db39283b26bfd061ec16189e14f71c6755207f72a0f7540867afe5b9", size = 16994982, upload-time = "2026-09-06T16:24:29.244Z" },
    { url = "https://files.pythonhosted.org/packages/60/39/789131c1188c078dcb3a1692e72e1e050c68b88ffe72c9ccaac9bcd7a9cd/numpy-2.5.3-cp312-cp312-macosx_11_0_arm64.whl", hash = "sha256:f59a878c33d6b88122d80d239bb3b845d58708750b0cb06a09aebb9b18ec696c", size = 12009327, upload-time = "2026-09-06T16:24:32.491Z" },
    { url = "https://files.pythonhosted.org/packages/9c/59/a312e95696e5f601914dd8b6dd844692ba61670807417e24b68e337b5c70/numpy-2.5.3-cp312-cp312-macosx_14_0_arm64.whl", hash = "sha256:a72f874bc9e10e4b8f80426fb49716d5141f64442a0c8418065093ec8017fbb0", size = 5445405, upload-time = "2026-09-06T16:24:35.071Z" },
    { url = "https://files.pythonhosted.org/packages/30/d0/5623a1707ed4fe16e3909fe3cf5ee3da004ae677ad23d83bbf3adf1a6faf/numpy-2.5.3-cp312-cp312-macosx_14_0_x86_64.whl", hash = "sha256:fc36dc566135b5eceec4cf89758fcb719266a019ef07dae1754ae7c9f617ef3e", size = 6783213, upload-time = "2026-09-06T16:24:37.253Z" },
    { url = "https://files.pythonhosted.org/packages/f1/32/84146fc020ad3c25f805f70ab60da46fe3c540a21369754a7e4369754b6f/numpy-2.5.3-cp312-cp312-manylinux_2_27_aarch64.manylinux_2_28_aarch64.whl", hash = "sha256:76c2c1e6bfa5c84adc6434dfbf013aa92096a7985221762c8f11fedfd20fff58", size = 15687872, upload-time = "2026-09-06T16:24:39.751Z" },
    { url = "https://files.pythonhosted.org/packages/65/af/aa78d1a88805456e212b65461354cd943197fb9acecc4c90fd12295123a3/numpy-2.5.3-cp312-cp312-manylinux_2_27_x86_64.manylinux_2_28_x86_64.whl", hash = "sha256:b7e18c623bb5c95acb3b3328861272816ba199fb531921c5d6d0b675f1fde9e3", size = 16717410, upload-time = "2026-09-06T16:24:42.745Z" },
    { url = "https://files.pythonhosted.org/packages/3b/24/faa79d865e69a97ba17473b23a1b74094b2259c03e820c70297293b9ea49/numpy-2.5.3-cp312-cp312-musllinux_1_2_aarch64.whl", hash = "sha256:4f8929ee6c96bfbd7b4ed2032e0c03af86fe1826740ab61ddabf9072d06e57ff", size = 17040975, upload-time = "2026-09-06T16:24:45.961Z" },
    { url = "https://files.pythonhosted.org/packages/62/4a/8877e629445a7176297dffcaf9c485faa96a95d81728a62521ad55bd4c0f/numpy-2.5.3-cp312-cp312-musllinux_1_2_x86_64.whl", hash = "sha256:b5d93cf48f687479941d12b69c873ad2cc76bbd487f0091c2200636497f34034", size = 18476479, upload-time = "2026-09-06T16:24:49.35Z" },
    { url = "https://files.pythonhosted.org/packages/c8/db/35e1c2d38b04cbd5b731f9d71495e055e813197669d22b612f11748d2ff9/numpy-2.5.3-cp312-cp312-win32.whl", hash = "sha256:bf63afbe037eb5d2fe87fbcc7778e61da53ebaf21d938a4515aa73b62532a5d4", size = 6133378, upload-time = "2026-09-06T16:24:51.915Z" },
    { url = "https://files.pythonhosted.org/packages/3c/a1/accf6d4f0c80c5d9ba9735d6b1550e444180599f34dec69ca01360f717ad/numpy-2.5.3-cp312-cp312-win_amd64.whl", hash = "sha256:0a59a421a32580a009e8a1751345bf829631b990dc1794b80514ab722b435def", size = 12567828, upload-time = "2026-09-06T16:24:54.255Z" },
    { url = "https://files.pythonhosted.org/packages/22/43/1764aff32e4652526ae2f71fa8b3efd8d25c8a3d6926914454e47138ed1e/numpy-2.5.3-cp312-cp312-win_arm64.whl", hash = "sha256:ccb32e0525d29e8b0572eb84c9a57af0e7a4e615726927506f55063c62414034", size = 10485432, upload-time = "2026-09-06T16:24:57.278Z" },
]

[[package]]
name = "openpyxl"
version = "3.1.5"
source = { registry = "https://pypi.org/simple" }
dependencies = [
    { name = "et-xmlfile" },
]
sdist = { url = "https://files.pythonhosted.org/packages/3d/f9/88d94a75de065ea32619465d2f77b29a0469500e99012523b91cc4141cd1/openpyxl-3.1.5.tar.gz", hash = "sha256:cf0e3cf56142039133628b5acffe8ef0c12bc902d2aadd3e0fe5878dc08d1050", size = 186464, upload-time = "2024-06-28T14:03:44.161Z" }
wheels = [
    { url = "https://files.pythonhosted.org/packages/c0/da/977ded879c29cbd04de313843e76868e6e13408a94ed6b987245dc7c8506/openpyxl-3.1.5-py2.py3-none-any.whl", hash = "sha256:5282c12b107bffeef825f4617dc029afaf41d0ea60823bbb665ef3079dc79de2", size = 250910, upload-time = "2024-06-28T14:03:41.161Z" },
]

[[package]]
name = "packaging"
version = "26.3"
source = { registry = "https://pypi.org/simple" }
sdist = { url = "https://files.pythonhosted.org/packages/7d/fa/3944b40b07da9ce895c0e6303a5ab7d53da063554f534556b134a54d6093/packaging-26.3.tar.gz", hash = "sha256:94edc256424af38762eb31306eed28beb9f0efc50a8837492c9d6fd6004aed79", size = 313412, upload-time = "2026-08-04T18:15:28.737Z" }
wheels = [
    { url = "https://files.pythonhosted.org/packages/63/34/ba1c580383c9eada3711951fef0795c80b829a078d72188184bcab9dd527/packaging-26.3-py3-none-any.whl", hash = "sha256:d7193f7c8e4e93f444fde0262bf90af30e16fa0ad0ad44cb553c87339b23cd1c", size = 129956, upload-time = "2026-08-04T18:15:27.159Z" },
]

[[package]]
name = "pandas"
version = "3.0.6"
source = { registry = "https://pypi.org/simple" }
dependencies = [
    { name = "numpy" },
    { name = "python-dateutil" },
    { name = "tzdata", marker = "sys_platform == 'emscripten' or sys_platform == 'win32'" },
]
sdist = { url = "https://files.pythonhosted.org/packages/e2/17/d7b106e05bfa642e8694451e7d3d759c6a241c5386a5d962e4f66c047e06/pandas-3.0.6.tar.gz", hash = "sha256:66b07ef7315a31bfe1089cd3d71a7de781c9dca986762d0b4fe7c0ef17465d10", size = 4667686, upload-time = "2026-09-17T23:23:18.345Z" }
wheels = [
    { url = "https://files.pythonhosted.org/packages/77/4c/597d588c055d4373cff19cbbc32d4dd046c7be8fadee957585b5ba9e5b24/pandas-3.0.6-cp312-cp312-macosx_10_13_x86_64.whl", hash = "sha256:7dac2d65e9087e8e7b5a45fe15c4920911a221df061ab629943ce016489145c7", size = 10397411, upload-time = "2026-09-17T23:20:49.465Z" },
    { url = "https://files.pythonhosted.org/packages/18/8f/48907c7c707b61a8e5018c32e1a3f70623209bfb59020a2f6196159d3aa7/pandas-3.0.6-cp312-cp312-macosx_11_0_arm64.whl", hash = "sha256:9dab635a549e58a053c7b0fa054dc0bd7be22f0ed9a720f4a85d5fb993276172", size = 10051279, upload-time = "2026-09-17T23:20:52.409Z" },
    { url = "https://files.pythonhosted.org/packages/67/fa/613d867c3d9554a61bafdec6f79565c8a3e73235feb52cc4a72ad2e0fa6a/pandas-3.0.6-cp312-cp312-manylinux_2_24_aarch64.manylinux_2_28_aarch64.whl", hash = "sha256:e3dccb584123b399c07562ac4d62543e90ede49ddf8ce3c13ffc64cbe828c281", size = 10303429, upload-time = "2026-09-17T23:20:55.597Z" },
    { url = "https://files.pythonhosted.org/packages/cb/67/0c0f18e38d7f2d2af8c24b3315bc4046e73bbdd4a5540405506671ad0c0d/pandas-3.0.6-cp312-cp312-manylinux_2_24_x86_64.manylinux_2_28_x86_64.whl", hash = "sha256:0704044b676496b8350e023b09f174a26772456c974a2b11c36bebb558c9490d", size = 10788193, upload-time = "2026-09-17T23:20:58.617Z" },
    { url = "https://files.pythonhosted.org/packages/39/53/1b57f3162501fe36687e4870e1b918a6458ca7386b173af75663ace95857/pandas-3.0.6-cp312-cp312-musllinux_1_2_aarch64.whl", hash = "sha256:e7c1905ef02c3d6d43d9dbd5b6ccb4da4870a0b0c821bbc103fbdb6f3ad2707b", size = 11323501, upload-time = "2026-09-17T23:21:01.911Z" },
    { url = "https://files.pythonhosted.org/packages/f2/d2/b1182e8d39100369d7f13f4a125a3fb6b096fef112c46d0566c25781ff68/pandas-3.0.6-cp312-cp312-musllinux_1_2_x86_64.whl", hash = "sha256:569e114072b24fc4970c12e2b4bab252671668a40b324318903380cab0254c0c", size = 11838173, upload-time = "2026-09-17T23:21:04.85Z" },
    { url = "https://files.pythonhosted.org/packages/c7/33/5b717af24d2f27995e51e0875a269dddd373045216e34cf62e3aa764eaa1/pandas-3.0.6-cp312-cp312-pyemscripten_2024_0_wasm32.whl", hash = "sha256:2a8fc94be2ee5f1d86f97aacd8cc566f81680b6498e76f3007421bb5d98151bf", size = 7118499, upload-time = "2026-09-17T23:21:07.661Z" },
    { url = "https://files.pythonhosted.org/packages/bd/2a/14b3b17cd75cef4a1ee1af4234eb41cc1afe4103b98c2d80e8916abfd42b/pandas-3.0.6-cp312-cp312-win_amd64.whl", hash = "sha256:3ef908d28590b3f42d7070e7ad8f9b34b442b260b7f3c1afb57e0040c58cdb1b", size = 9661439, upload-time = "2026-09-17T23:21:10.959Z" },
    { url = "https://files.pythonhosted.org/packages/3b/11/3d580a604a1e35d69f6676847bd12db7d14344bc677b717f4413e79c5d0d/pandas-3.0.6-cp312-cp312-win_arm64.whl", hash = "sha256:f4e7c52eb108d752e7592268108fd3e98efd76d83a3125cdd06c621c2e44359b", size = 8959806, upload-time = "2026-09-17T23:21:13.851Z" },
]

[[package]]
name = "pluggy"
version = "1.6.0"
source = { registry = "https://pypi.org/simple" }
sdist = { url = "https://files.pythonhosted.org/packages/f9/e2/3e91f31a7d2b083fe6ef3fa267035b518369d9511ffab804f839851d2779/pluggy-1.6.0.tar.gz", hash = "sha256:7dcc130b76258d33b90f61b658791dede3486c3e6bfb003ee5c9bfb396dd22f3", size = 69412, upload-time = "2025-05-15T12:30:07.975Z" }
wheels = [
    { url = "https://files.pythonhosted.org/packages/54/20/4d324d65cc6d9205fabedc306948156824eb9f0ee1633355a8f7ec5c66bf/pluggy-1.6.0-py3-none-any.whl", hash = "sha256:e920276dd6813095e9377c0bc5566d94c932c33b27a3e3945d8389c374dd4746", size = 20538, upload-time = "2025-05-15T12:30:06.134Z" },
]

[[package]]
name = "polars"
version = "1.44.2"
source = { registry = "https://pypi.org/simple" }
dependencies = [
    { name = "polars-runtime-32" },
]
sdist = { url = "https://files.pythonhosted.org/packages/a4/15/e8541eefc22fbc7ca89bcb5112298a153729f73cfbc0cf6a668e509f975c/polars-1.44.2.tar.gz", hash = "sha256:86c8e26b6c2de8c8d344bb910b74dfc47b118ac3fe0f19b44909467990a0b281", size = 766272, upload-time = "2026-09-09T07:42:08.859Z" }
wheels = [
    { url = "https://files.pythonhosted.org/packages/51/6d/3014112c7f717d1253223faa13b6db3ac3a64ed00ab2a3bc1b942bc9cdd4/polars-1.44.2-py3-none-any.whl", hash = "sha256:1bb331f17a40d9d931101533dcd33637b66edc61eb377b07020dac16a0f0377b", size = 865768, upload-time = "2026-09-09T07:40:12.053Z" },
]

[[package]]
name = "polars-runtime-32"
version = "1.44.2"
source = { registry = "https://pypi.org/simple" }
sdist = { url = "https://files.pythonhosted.org/packages/d4/a1/a7eace6587b56f22cf2a21ab4d5e695db372dc23fd96accb68b1ec12660b/polars_runtime_32-1.44.2.tar.gz", hash = "sha256:b84842f7d621aaca7a52e165e19a24f89db45f8aa13744941430218419a14a67", size = 3172205, upload-time = "2026-09-09T07:42:10.851Z" }
wheels = [
    { url = "https://files.pythonhosted.org/packages/99/5b/a5215f82c3dd443dc5d6911b0d3e937f97056e0ef7753f7e123422481a18/polars_runtime_32-1.44.2-cp310-abi3-macosx_10_12_x86_64.whl", hash = "sha256:1fd536720668ba203a16a20b08cd6b23057e407a0279cf36b2f35f879d6e3208", size = 48334014, upload-time = "2026-09-09T07:40:16.43Z" },
    { url = "https://files.pythonhosted.org/packages/c2/e0/f3dc93fce4b4e99370db6a89001a1b8d3c606e3560d0d91dda809d6c6324/polars_runtime_32-1.44.2-cp310-abi3-macosx_11_0_arm64.whl", hash = "sha256:e0fd43720c8222ae39919c8ff891636d53b352706087120e62f83544dd3ff782", size = 43331099, upload-time = "2026-09-09T07:40:21.029Z" },
    { url = "https://files.pythonhosted.org/packages/4e/4f/076626ce93ddd622203c4b27be2a96d034cf5b24110c52e96e6029f0ea33/polars_runtime_32-1.44.2-cp310-abi3-manylinux_2_17_aarch64.manylinux2014_aarch64.whl", hash = "sha256:bbf9b45040291dc1c6c588c837019c33557bde25ec536562a9cca9e1f6dfcc45", size = 46590853, upload-time = "2026-09-09T07:40:24.934Z" },
    { url = "https://files.pythonhosted.org/packages/e9/24/ed9982657c446dd5491b089370eea196725673570cfc61f7225a9fdd7ef0/polars_runtime_32-1.44.2-cp310-abi3-manylinux_2_17_x86_64.manylinux2014_x86_64.whl", hash = "sha256:a1bafb441e99199a62c63bf1bbdc0ea09ee9776dbac2bf31452b5000fb1df2f7", size = 49912258, upload-time = "2026-09-09T07:40:29.238Z" },
    { url = "https://files.pythonhosted.org/packages/71/42/5490ab360aa2406119825ad82203a5e2ff27a3a5893ca8e0b93c053a59a3/polars_runtime_32-1.44.2-cp310-abi3-musllinux_1_2_aarch64.whl", hash = "sha256:10c0c695a418407617b5159db7d9a21074a733e4c6d61275b6762f25cb31ca99", size = 46737310, upload-time = "2026-09-09T07:40:33.143Z" },
    { url = "https://files.pythonhosted.org/packages/06/8f/d741afb1dcd1848161189e017d27972e7e78556d8dce66b94d4235093706/polars_runtime_32-1.44.2-cp310-abi3-musllinux_1_2_x86_64.whl", hash = "sha256:c4a09fb14aad711526346efc0cb2015c2fd0555ce4118b6524e5debbaea65ff5", size = 49887654, upload-time = "2026-09-09T07:40:37.455Z" },
    { url = "https://files.pythonhosted.org/packages/ba/e7/c61c1c7eea37705920fe7c1302d1dd80d1165db2b928f0da3eae6d1ebb75/polars_runtime_32-1.44.2-cp310-abi3-win_amd64.whl", hash = "sha256:8598e7a20efba70bb74978c7df7af7c606ff4d79b9b48fdd808250b189bc9a13", size = 51297967, upload-time = "2026-09-09T07:40:41.993Z" },
    { url = "https://files.pythonhosted.org/packages/e7/a0/d0dd0d2ec95fa328dd47055905fae53ba3cd79f11c8973326ebe75a49e4c/polars_runtime_32-1.44.2-cp310-abi3-win_arm64.whl", hash = "sha256:d51040d3ab40157f6db3c62be59cab5b80fb3c8d158924769c4982a1c8eef730", size = 44303345, upload-time = "2026-09-09T07:40:47.081Z" },
]

[[package]]
name = "psycopg"
version = "3.3.6"
source = { registry = "https://pypi.org/simple" }
dependencies = [
    { name = "typing-extensions" },
    { name = "tzdata", marker = "sys_platform == 'win32'" },
]
sdist = { url = "https://files.pythonhosted.org/packages/76/26/3ea4ca5eaea1c0debcdf7ee7c1613fbe721dc27a03c461c0817ffd8a0601/psycopg-3.3.6.tar.gz", hash = "sha256:c081f2250df751a943036e42db6df4571c66cd0aabe8291a7a506512b12007d2", size = 168171, upload-time = "2026-09-18T13:22:55.152Z" }
wheels = [
    { url = "https://files.pythonhosted.org/packages/4e/de/748bd7609c71cae5d737f0ba9192f19329f70180ecda8fff3cac02c5abe3/psycopg-3.3.6-py3-none-any.whl", hash = "sha256:a1db9f7148b06a28606767efaca51fa6f9398c5c0a3810519be69d7000bdb631", size = 215490, upload-time = "2026-09-18T13:15:29.374Z" },
]

[package.optional-dependencies]
binary = [
    { name = "psycopg-binary", marker = "implementation_name != 'pypy'" },
]

[[package]]
name = "psycopg-binary"
version = "3.3.6"
source = { registry = "https://pypi.org/simple" }
wheels = [
    { url = "https://files.pythonhosted.org/packages/e6/01/2cdd1824e58b4467ee0b9498664cd28c42d8794db6b1e35b6bcb834f0044/psycopg_binary-3.3.6-cp312-cp312-macosx_10_13_x86_64.whl", hash = "sha256:3f84dab25e0385692ee13274c68678377e0b1a70ab9d14e56264cbf61f60c62d", size = 4707086, upload-time = "2026-09-18T13:18:05.138Z" },
    { url = "https://files.pythonhosted.org/packages/f6/76/de9948ac06895261c84d5b9fbe283d8f3c5bc9f070691b8d9eaa1b51e322/psycopg_binary-3.3.6-cp312-cp312-macosx_11_0_arm64.whl", hash = "sha256:612382ac3ed13651c7fa44b5fee9fbf7baaa2ddbc6f500391672682c5f1df9e0", size = 4769607, upload-time = "2026-09-18T13:18:12.83Z" },
    { url = "https://files.pythonhosted.org/packages/76/a9/72436c9915ee4905964689e7f0e182ce7767cc0a0390b3ce703be8177625/psycopg_binary-3.3.6-cp312-cp312-manylinux2014_ppc64le.manylinux_2_17_ppc64le.whl", hash = "sha256:366db6e97e66b37211475f20c4c1324a2dc0dd825e46d4e87f9d599304d276f9", size = 5554134, upload-time = "2026-09-18T13:18:21.175Z" },
    { url = "https://files.pythonhosted.org/packages/0a/42/948bb3d2617795093512613fd96ba380e922992c7908fbc073858147d196/psycopg_binary-3.3.6-cp312-cp312-manylinux2014_x86_64.manylinux_2_17_x86_64.whl", hash = "sha256:1679a1cb93fbe5a6d1fd58d82cbddcc6fcb8c61446ba7cae6eb2a7b19bc585de", size = 5235723, upload-time = "2026-09-18T13:18:27.071Z" },
    { url = "https://files.pythonhosted.org/packages/99/47/93e823ff1b0088400703410939c9bda3e63ed9c850b3ee088e8769f4c10b/psycopg_binary-3.3.6-cp312-cp312-manylinux_2_27_aarch64.manylinux_2_28_aarch64.whl", hash = "sha256:37d40450659401600e6d043ff586c89a71a69f33cbb8bcdba6cdb2569beecdbe", size = 6833587, upload-time = "2026-09-18T13:18:33.794Z" },
    { url = "https://files.pythonhosted.org/packages/5e/2d/ecc69c847795aa704041a9f5667a6b0938a088cf1853636d762a6938e493/psycopg_binary-3.3.6-cp312-cp312-manylinux_2_38_riscv64.manylinux_2_39_riscv64.whl", hash = "sha256:a5165300324efd5a772c48a88ab3a928513ab3979fca76553e62ee815f7b2b9c", size = 5070013, upload-time = "2026-09-18T13:18:39.628Z" },
    { url = "https://files.pythonhosted.org/packages/92/36/6126f0dac21713dcae91404f2a76da18598a6252339a8c669c46370d43b2/psycopg_binary-3.3.6-cp312-cp312-musllinux_1_2_aarch64.whl", hash = "sha256:d636338c8f21b0df2f84657b00bc34f9313f826ef93f1155bc743607e4a0c5eb", size = 4597367, upload-time = "2026-09-18T13:18:45.023Z" },
    { url = "https://files.pythonhosted.org/packages/4d/29/7ecfc04243b46c89ffd49924e9c5634ea904ef96c7d0f37e4073623584c1/psycopg_binary-3.3.6-cp312-cp312-musllinux_1_2_ppc64le.whl", hash = "sha256:a4ee3bdd5468a725f2a4d9aab8a74b6d0279f768c8b5d3aeb102c5307ff3d59c", size = 4275419, upload-time = "2026-09-18T13:18:49.299Z" },
    { url = "https://files.pythonhosted.org/packages/6e/90/2f46d2e0de79706ac170df0a3637fe63c4498fc04f131f6049520b78b806/psycopg_binary-3.3.6-cp312-cp312-musllinux_1_2_riscv64.whl", hash = "sha256:289aadd6a00e151203c081f708348ec89f1e483c9b510ef4ac3981f847f01f79", size = 4007358, upload-time = "2026-09-18T13:18:53.944Z" },
    { url = "https://files.pythonhosted.org/packages/03/48/6744e91291b751a8cf12d63d719977974bb94c84ceba913e7ddb2e478e51/psycopg_binary-3.3.6-cp312-cp312-musllinux_1_2_x86_64.whl", hash = "sha256:f21d057f3e5f5491067e5b292498073b73847d48799b099803fef100775fcc52", size = 4320156, upload-time = "2026-09-18T13:18:59.258Z" },
    { url = "https://files.pythonhosted.org/packages/1a/9b/94ff7fce53a64d5b286e2ec454e0a025cf3d6e6b4a9189bef16aa5de98b2/psycopg_binary-3.3.6-cp312-cp312-win_amd64.whl", hash = "sha256:e23a66a763fbe83fcc210bc77c27e5a5ea380ebf091c06f34d8561b695e5a40f", size = 3658864, upload-time = "2026-09-18T13:19:06.503Z" },
]

[[package]]
name = "pygments"
version = "2.21.0"
source = { registry = "https://pypi.org/simple" }
sdist = { url = "https://files.pythonhosted.org/packages/49/2e/ced460408999b33da6b31b0021b0f37d329e202d4169aeb164493778f25b/pygments-2.21.0.tar.gz", hash = "sha256:610ca751c9bc2492b38eb9a38a7fbc93edbbb2d7182edaf34e66ae493dee5c8c", size = 5005329, upload-time = "2026-08-17T08:02:48.824Z" }
wheels = [
    { url = "https://files.pythonhosted.org/packages/71/46/17f022dd3e953bf20a04a028a21ec746d942f8d2af30fa0f124fa0e6a684/pygments-2.21.0-py3-none-any.whl", hash = "sha256:2363c69b61c4a97c838da3b130dcd6468f4848992b21a82f2a63ec34377137d9", size = 1250147, upload-time = "2026-08-17T08:02:44.912Z" },
]

[[package]]
name = "pyogrio"
version = "0.13.0"
source = { registry = "https://pypi.org/simple" }
dependencies = [
    { name = "certifi" },
    { name = "numpy" },
    { name = "packaging" },
]
sdist = { url = "https://files.pythonhosted.org/packages/de/3c/d2268615e8b749ba59f278b14a495883562e961fa3ad55a9def222bfbd4a/pyogrio-0.13.0.tar.gz", hash = "sha256:9614f27a1891113f80653e0b76b4233ea1fb3beeb1ac46d118ab22e1670f8f13", size = 313103, upload-time = "2026-06-26T15:30:17.375Z" }
wheels = [
    { url = "https://files.pythonhosted.org/packages/c0/89/76534ad8f01d952ad01002741f8cfac08024035a70952f190b4f7e22325c/pyogrio-0.13.0-cp311-abi3-macosx_12_0_arm64.whl", hash = "sha256:68e6bb9b8b14412311da69679333ad5408c0f9aa5b25d5837bbcba3dfa698109", size = 24666205, upload-time = "2026-06-26T15:29:32.214Z" },
    { url = "https://files.pythonhosted.org/packages/39/58/af3b3a74c8b05ebf49b03303ee24024b9d0272de482867425c8dc93f2820/pyogrio-0.13.0-cp311-abi3-macosx_12_0_x86_64.whl", hash = "sha256:8823f91570c91e66e50cc573bc4722e925b84220ee0c7dc61532438d43c69a95", size = 26063477, upload-time = "2026-06-26T15:29:35.94Z" },
    { url = "https://files.pythonhosted.org/packages/55/30/3e38d8532a33adf15c6465dcd8c1bb2a146dce0da3fd8ba0aa9ec9ba74e4/pyogrio-0.13.0-cp311-abi3-manylinux2014_x86_64.manylinux_2_17_x86_64.whl", hash = "sha256:9e84e7b09b073ee4cc8c35663afcf644b0c17db75ac72c7591dc3864252db461", size = 32246778, upload-time = "2026-06-26T15:29:40.185Z" },
    { url = "https://files.pythonhosted.org/packages/26/96/888ea83c8d0f1e2cc732bea6be94ed0db784cacd99f0248333483be657b3/pyogrio-0.13.0-cp311-abi3-manylinux_2_28_aarch64.whl", hash = "sha256:680842c88b5e678125edd13b15f7187ff3ce7630cadef538887edd3cbe801287", size = 31670710, upload-time = "2026-06-26T15:29:44.328Z" },
    { url = "https://files.pythonhosted.org/packages/20/c2/247c150f5ca12f8593c20e39115db551b18de5c6cb383006de21b57399e4/pyogrio-0.13.0-cp311-abi3-manylinux_2_28_x86_64.whl", hash = "sha256:220a988ce2a26591d6db5c775b07289d4f54cabdf274cc048f0e17a0b9d5be14", size = 33334097, upload-time = "2026-06-26T15:29:48.533Z" },
    { url = "https://files.pythonhosted.org/packages/d2/ba/3757e312a98c428ac5d8b787f3608ae325174ebef6897930a42e21dd057a/pyogrio-0.13.0-cp311-abi3-win_amd64.whl", hash = "sha256:1b91f6d6e6757a6ea84b9459d24f479dcb52bbf4ebcdb16baf39e49d2836a1cf", size = 23824927, upload-time = "2026-06-26T15:29:52.493Z" },
]

[[package]]
name = "pyproj"
version = "3.8.0"
source = { registry = "https://pypi.org/simple" }
dependencies = [
    { name = "certifi" },
]
sdist = { url = "https://files.pythonhosted.org/packages/c8/29/6598570c90cbfc84ddefc3ccac4aa412bf51a527d72c74cc4fe64a5e6f24/pyproj-3.8.0.tar.gz", hash = "sha256:efa59725bba68bf97fa808b61302df32934acdceb6a5c92a8dd0e71dc266a876", size = 242018, upload-time = "2026-09-05T20:05:09.353Z" }
wheels = [
    { url = "https://files.pythonhosted.org/packages/bb/c0/e2cdf9555f4feb6a17717de08527b0358ecccca7892ac78b17f5a04903cb/pyproj-3.8.0-cp312-cp312-macosx_14_0_arm64.whl", hash = "sha256:8606ccbc110ce2e8cbe4c9ba6c3f24cd73f603795ac0fce1ceb8fc27a9bb786e", size = 4990712, upload-time = "2026-09-05T20:03:10.928Z" },
    { url = "https://files.pythonhosted.org/packages/4e/99/4ec34c75e06d18bd4b8e08189ef8a76170bab339a9bee7d6eaeed075d444/pyproj-3.8.0-cp312-cp312-macosx_15_0_x86_64.whl", hash = "sha256:2d4c49e27d404a95d244196fdadb6b0b0ba3c3cbb43a8d2a357fc579a36b7835", size = 6098819, upload-time = "2026-09-05T20:03:13.066Z" },
    { url = "https://files.pythonhosted.org/packages/28/c3/a819a14ff040ad441f09589fff28cca88c82cb8537818316c798f2ddafb2/pyproj-3.8.0-cp312-cp312-manylinux_2_28_aarch64.whl", hash = "sha256:d8e00ccd9195d9dbb968d490ae9e51c3a59378665506c05e36bfdb6493a38a69", size = 10120591, upload-time = "2026-09-05T20:03:15.214Z" },
    { url = "https://files.pythonhosted.org/packages/5f/ed/035354de8fbc1c1350f5b7f66361995f187d89675622eb63016bf7261dd5/pyproj-3.8.0-cp312-cp312-manylinux_2_28_x86_64.whl", hash = "sha256:6b34cec6bdd66b721980c003cc2a0fce0cab7949444ad037fc2a7ecb6f3b996c", size = 10037552, upload-time = "2026-09-05T20:03:17.43Z" },
    { url = "https://files.pythonhosted.org/packages/76/62/04809135418fb84402acf2a1d37beaeb770d66d78061962cbf0d459a0b07/pyproj-3.8.0-cp312-cp312-musllinux_1_2_aarch64.whl", hash = "sha256:859caa91bd9a1c614bac7de110f3a62f715e6c5a4fe9140c3fd6a0c5034e390d", size = 11498786, upload-time = "2026-09-05T20:03:20.178Z" },
    { url = "https://files.pythonhosted.org/packages/55/ce/7e29ca3df78c59b413ab20d2d2dfb1ef36329f051597992eaa65e4306ac0/pyproj-3.8.0-cp312-cp312-musllinux_1_2_x86_64.whl", hash = "sha256:e6e21972a28e65fdec4b794b6298206516853e03fc9ac40c14271c5dce6b0d32", size = 11497184, upload-time = "2026-09-05T20:03:22.591Z" },
    { url = "https://files.pythonhosted.org/packages/9a/8c/010481b3629eb70f8c8c433d706207b1ec91fdb76fc10cf4ec1d92f51bdd/pyproj-3.8.0-cp312-cp312-win32.whl", hash = "sha256:7914e83760284e4d8d3b6b2a6845c21270a07f214bfd89344d45f9ab63e1b4b5", size = 6295859, upload-time = "2026-09-05T20:03:24.738Z" },
    { url = "https://files.pythonhosted.org/packages/b7/d7/2c861a429581577a441e03020d27274812d7969748f5951d972f6e34597f/pyproj-3.8.0-cp312-cp312-win_amd64.whl", hash = "sha256:0556ce011e1530aea2084a12e39dc9c6ccd25a16c1db5457f39bf83161e7c301", size = 6714045, upload-time = "2026-09-05T20:03:26.863Z" },
    { url = "https://files.pythonhosted.org/packages/09/bb/2d1ff197922cfe106f204041503fb8039d2cee9c34c2a61a0b65f4121b4c/pyproj-3.8.0-cp312-cp312-win_arm64.whl", hash = "sha256:a792112106471f97c3f74b51639068388c9ad0605cc1ca100f11fd0bf47a004e", size = 6663720, upload-time = "2026-09-05T20:03:28.625Z" },
]

[[package]]
name = "pytest"
version = "9.1.1"
source = { registry = "https://pypi.org/simple" }
dependencies = [
    { name = "colorama", marker = "sys_platform == 'win32'" },
    { name = "iniconfig" },
    { name = "packaging" },
    { name = "pluggy" },
    { name = "pygments" },
]
sdist = { url = "https://files.pythonhosted.org/packages/e4/47/b9efed96c114afcfa3c9d3fe98a76a1d14c74a9e266d397cf6eb64be5e01/pytest-9.1.1.tar.gz", hash = "sha256:1088fbde8f2b49d95a549a195707afa7a76a3ce9bcadc26b6d71f0ffda5fe313", size = 1636369, upload-time = "2026-06-19T10:58:32.857Z" }
wheels = [
    { url = "https://files.pythonhosted.org/packages/24/25/1de2678b631f5a49215c6c96fff41ba892b0a34df68d6d80292b1b48aa7f/pytest-9.1.1-py3-none-any.whl", hash = "sha256:37a86b45efb9a47a61a36449063e8e18d0cab3161329fc099eb21783169c4f0c", size = 386536, upload-time = "2026-06-19T10:58:31.347Z" },
]

[[package]]
name = "python-dateutil"
version = "2.9.0.post0"
source = { registry = "https://pypi.org/simple" }
dependencies = [
    { name = "six" },
]
sdist = { url = "https://files.pythonhosted.org/packages/66/c0/0c8b6ad9f17a802ee498c46e004a0eb49bc148f2fd230864601a86dcf6db/python-dateutil-2.9.0.post0.tar.gz", hash = "sha256:37dd54208da7e1cd875388217d5e00ebd4179249f90fb72437e91a35459a0ad3", size = 342432, upload-time = "2024-03-01T18:36:20.211Z" }
wheels = [
    { url = "https://files.pythonhosted.org/packages/ec/57/56b9bcc3c9c6a792fcbaf139543cee77261f3651ca9da0c93f5c1221264b/python_dateutil-2.9.0.post0-py2.py3-none-any.whl", hash = "sha256:a8b2bc7bffae282281c8140a97d3aa9c14da0b136dfe83f850eea9a5f7470427", size = 229892, upload-time = "2024-03-01T18:36:18.57Z" },
]

[[package]]
name = "ruff"
version = "0.16.10"
source = { registry = "https://pypi.org/simple" }
sdist = { url = "https://files.pythonhosted.org/packages/c4/49/23802c45f093eb14bde54b141d2b2f058edfa63a06db7beed047308cc08f/ruff-0.16.10.tar.gz", hash = "sha256:eff4728c4eaae93f0955cd264d24b2ab348e74bf59986ccf282ba6dc16b3b017", size = 4958724, upload-time = "2026-10-01T18:03:21.697Z" }
wheels = [
    { url = "https://files.pythonhosted.org/packages/2f/21/ebce22e1d90cdb2cd691026b9c6e9bec6499f0b396089481755b5d49efff/ruff-0.16.10-py3-none-linux_armv6l.whl", hash = "sha256:488b0fe3f3574210e5cf80d9f59b9e3ab17a127a8155de3f307b392589cfb511", size = 10095557, upload-time = "2026-10-01T18:02:36.072Z" },
    { url = "https://files.pythonhosted.org/packages/cb/98/a54de85876a8b2612bfa0d84c7b9abfb39c6a3354aee7800b09c1649b9e3/ruff-0.16.10-py3-none-macosx_10_12_x86_64.whl", hash = "sha256:e748ff95c934c4e978783b8e687bc174e7bd84e8ad24e3243e1ecfcda5e0282d", size = 10340577, upload-time = "2026-10-01T18:02:39.258Z" },
    { url = "https://files.pythonhosted.org/packages/9f/16/1a5a4a2657effe4806110f2b907313802f1367fcdbb29e8122766e407fab/ruff-0.16.10-py3-none-macosx_11_0_arm64.whl", hash = "sha256:3031a4a2e8e7b8a46f70be45f198c35a11ece509a94b80334d8d397a33c67550", size = 9774282, upload-time = "2026-10-01T18:02:41.79Z" },
    { url = "https://files.pythonhosted.org/packages/6e/fb/470085af734da396e68cd80fb0a3e7c109a459716ae59588c0f6fab8a17d/ruff-0.16.10-py3-none-manylinux_2_17_aarch64.manylinux2014_aarch64.whl", hash = "sha256:494401c86df4c4c25f69b9419605d944467ee98c42fb6ad405ef4fa40b8fb67d", size = 9920895, upload-time = "2026-10-01T18:02:44.458Z" },
    { url = "https://files.pythonhosted.org/packages/57/de/f10cffe4f88a37ea6615ec460f01bf76f0bc1477737a35d9ee61a630a78b/ruff-0.16.10-py3-none-manylinux_2_17_armv7l.manylinux2014_armv7l.whl", hash = "sha256:d203abc0ff2b773ee33d00ab8df0bb67046fbc7c07b119332f08b9b345cf8221", size = 9902707, upload-time = "2026-10-01T18:02:47.041Z" },
    { url = "https://files.pythonhosted.org/packages/ff/44/3fdcedf83ae60ef837dd239170e480dce606a9142cfa2db911afdf855fd9/ruff-0.16.10-py3-none-manylinux_2_17_i686.manylinux2014_i686.whl", hash = "sha256:bd83d1235a5258d318477bc5b576303974cbdef5df0c01a1bff14efcc23bd12a", size = 10619287, upload-time = "2026-10-01T18:02:49.485Z" },
    { url = "https://files.pythonhosted.org/packages/c1/62/02e76a5574002153618eafbb70e159468addc72a5d2c488e65cbb4639d2d/ruff-0.16.10-py3-none-manylinux_2_17_ppc64le.manylinux2014_ppc64le.whl", hash = "sha256:bc2610fb269fa56dd8a68669ae470fa6272902668c0fc2ebc3aa112b2633d5b8", size = 11339942, upload-time = "2026-10-01T18:02:52.008Z" },
    { url = "https://files.pythonhosted.org/packages/6b/c4/cde27d47ad8d4126c587e608c67c46e7feac11763f606d261a1bc8a489e6/ruff-0.16.10-py3-none-manylinux_2_17_s390x.manylinux2014_s390x.whl", hash = "sha256:3e70175e29cc94c26ea296c80e470180b744b7419026898e58f520c6ab32578e", size = 10934316, upload-time = "2026-10-01T18:02:54.811Z" },
    { url = "https://files.pythonhosted.org/packages/e4/03/17234145f302a645a123e8c3bb2411ecf4669fbc350de3b0d803230a1729/ruff-0.16.10-py3-none-manylinux_2_17_x86_64.manylinux2014_x86_64.whl", hash = "sha256:f33f43a864a8483eebd160e713336c8bab02c934feaff0a33cf5ccb41546d09a", size = 10387968, upload-time = "2026-10-01T18:02:57.497Z" },
    { url = "https://files.pythonhosted.org/packages/71/29/2493af60240ee7644b38a4b821f5f9c3b5a4fa3178770fe1d0c685217395/ruff-0.16.10-py3-none-manylinux_2_31_riscv64.whl", hash = "sha256:1dfc6f0088149fb6a362c1c446bcbb3fd2157b3852fe2fa68409276eab9ad9b3", size = 10537906, upload-time = "2026-10-01T18:03:00.006Z" },
    { url = "https://files.pythonhosted.org/packages/2e/9a/f56b28f3b143bb9e518c34fb89ab191b626bca8b70dbf8af0d2e2d473572/ruff-0.16.10-py3-none-musllinux_1_2_aarch64.whl", hash = "sha256:6553498afc35f580f036030795810b9e6bcea31604b0fd9e8d352795473042e3", size = 10012938, upload-time = "2026-10-01T18:03:03.006Z" },
    { url = "https://files.pythonhosted.org/packages/c2/c4/fca37362848ea4d4d80712df13632e645e7c7cfb1bdedf140699ac7a090b/ruff-0.16.10-py3-none-musllinux_1_2_armv7l.whl", hash = "sha256:a3b8471dea115d37f123882be852bed13403746d3a76c11de4a19ec5f9ff5a03", size = 9897945, upload-time = "2026-10-01T18:03:05.818Z" },
    { url = "https://files.pythonhosted.org/packages/7d/c7/e0bc57664d6e0c61fd22f620af260fe9662d7e1ddb320ea7f160e76ef165/ruff-0.16.10-py3-none-musllinux_1_2_i686.whl", hash = "sha256:92e59a70bcbd9d3a5483656da906ec28edfdacfce00afd99edb8b4e9d15644be", size = 10333134, upload-time = "2026-10-01T18:03:08.25Z" },
    { url = "https://files.pythonhosted.org/packages/21/aa/5c9f3b68737c0e4a33a1db5dfab44f7b786d96ca91a7233112ddab1e6dc2/ruff-0.16.10-py3-none-musllinux_1_2_x86_64.whl", hash = "sha256:7ae7375f803b5520dc9f546bed7e3a0acb70b91812e9bb4b19927de22f25b77d", size = 10741702, upload-time = "2026-10-01T18:03:10.775Z" },
    { url = "https://files.pythonhosted.org/packages/78/fa/0f9c2020dc316c53d983be011720b8157cc052b97e3f4dfa7db6d0f880a6/ruff-0.16.10-py3-none-win32.whl", hash = "sha256:2a12e01cb9156c10c466f63b46eaae5ecea28dfbd21b5836353ae498e7d1349a", size = 10139176, upload-time = "2026-10-01T18:03:13.267Z" },
    { url = "https://files.pythonhosted.org/packages/99/29/cfb0df9448d4d4ad48c2de029ada9ebd71baa6da983a6c77ee6c6cd0fe82/ruff-0.16.10-py3-none-win_amd64.whl", hash = "sha256:97f2015c92aa97105b0eab19eb5d224884399281cfc5da86a92db4ab5e7fb2ca", size = 10584734, upload-time = "2026-10-01T18:03:16.006Z" },
    { url = "https://files.pythonhosted.org/packages/fc/05/c16957eb287c3fc062e032619a25868d93d408a844b725bcf514f7a378ff/ruff-0.16.10-py3-none-win_arm64.whl", hash = "sha256:25a65fe998c4e6861ec079ada5826a2fc605e6cbccbe9dcd7fac1f54e791621b", size = 10366440, upload-time = "2026-10-01T18:03:19.04Z" },
]

[[package]]
name = "shapely"
version = "2.1.2"
source = { registry = "https://pypi.org/simple" }
dependencies = [
    { name = "numpy" },
]
sdist = { url = "https://files.pythonhosted.org/packages/4d/bc/0989043118a27cccb4e906a46b7565ce36ca7b57f5a18b78f4f1b0f72d9d/shapely-2.1.2.tar.gz", hash = "sha256:2ed4ecb28320a433db18a5bf029986aa8afcfd740745e78847e330d5d94922a9", size = 315489, upload-time = "2025-09-24T13:51:41.432Z" }
wheels = [
    { url = "https://files.pythonhosted.org/packages/24/c0/f3b6453cf2dfa99adc0ba6675f9aaff9e526d2224cbd7ff9c1a879238693/shapely-2.1.2-cp312-cp312-macosx_10_13_x86_64.whl", hash = "sha256:fe2533caae6a91a543dec62e8360fe86ffcdc42a7c55f9dfd0128a977a896b94", size = 1833550, upload-time = "2025-09-24T13:50:30.019Z" },
    { url = "https://files.pythonhosted.org/packages/86/07/59dee0bc4b913b7ab59ab1086225baca5b8f19865e6101db9ebb7243e132/shapely-2.1.2-cp312-cp312-macosx_11_0_arm64.whl", hash = "sha256:ba4d1333cc0bc94381d6d4308d2e4e008e0bd128bdcff5573199742ee3634359", size = 1643556, upload-time = "2025-09-24T13:50:32.291Z" },
    { url = "https://files.pythonhosted.org/packages/26/29/a5397e75b435b9895cd53e165083faed5d12fd9626eadec15a83a2411f0f/shapely-2.1.2-cp312-cp312-manylinux2014_aarch64.manylinux_2_17_aarch64.whl", hash = "sha256:0bd308103340030feef6c111d3eb98d50dc13feea33affc8a6f9fa549e9458a3", size = 2988308, upload-time = "2025-09-24T13:50:33.862Z" },
    { url = "https://files.pythonhosted.org/packages/b9/37/e781683abac55dde9771e086b790e554811a71ed0b2b8a1e789b7430dd44/shapely-2.1.2-cp312-cp312-manylinux2014_x86_64.manylinux_2_17_x86_64.whl", hash = "sha256:1e7d4d7ad262a48bb44277ca12c7c78cb1b0f56b32c10734ec9a1d30c0b0c54b", size = 3099844, upload-time = "2025-09-24T13:50:35.459Z" },
    { url = "https://files.pythonhosted.org/packages/d8/f3/9876b64d4a5a321b9dc482c92bb6f061f2fa42131cba643c699f39317cb9/shapely-2.1.2-cp312-cp312-musllinux_1_2_aarch64.whl", hash = "sha256:e9eddfe513096a71896441a7c37db72da0687b34752c4e193577a145c71736fc", size = 3988842, upload-time = "2025-09-24T13:50:37.478Z" },
    { url = "https://files.pythonhosted.org/packages/d1/a0/704c7292f7014c7e74ec84eddb7b109e1fbae74a16deae9c1504b1d15565/shapely-2.1.2-cp312-cp312-musllinux_1_2_x86_64.whl", hash = "sha256:980c777c612514c0cf99bc8a9de6d286f5e186dcaf9091252fcd444e5638193d", size = 4152714, upload-time = "2025-09-24T13:50:39.9Z" },
    { url = "https://files.pythonhosted.org/packages/53/46/319c9dc788884ad0785242543cdffac0e6530e4d0deb6c4862bc4143dcf3/shapely-2.1.2-cp312-cp312-win32.whl", hash = "sha256:9111274b88e4d7b54a95218e243282709b330ef52b7b86bc6aaf4f805306f454", size = 1542745, upload-time = "2025-09-24T13:50:41.414Z" },
    { url = "https://files.pythonhosted.org/packages/ec/bf/cb6c1c505cb31e818e900b9312d514f381fbfa5c4363edfce0fcc4f8c1a4/shapely-2.1.2-cp312-cp312-win_amd64.whl", hash = "sha256:743044b4cfb34f9a67205cee9279feaf60ba7d02e69febc2afc609047cb49179", size = 1722861, upload-time = "2025-09-24T13:50:43.35Z" },
]

[[package]]
name = "six"
version = "1.17.0"
source = { registry = "https://pypi.org/simple" }
sdist = { url = "https://files.pythonhosted.org/packages/94/e7/b2c673351809dca68a0e064b6af791aa332cf192da575fd474ed7d6f16a2/six-1.17.0.tar.gz", hash = "sha256:ff70335d468e7eb6ec65b95b99d3a2836546063f63acc5171de367e834932a81", size = 34031, upload-time = "2024-12-04T17:35:28.174Z" }
wheels = [
    { url = "https://files.pythonhosted.org/packages/b7/ce/149a00dd41f10bc29e5921b496af8b574d8413afcd5e30dfa0ed46c2cc5e/six-1.17.0-py2.py3-none-any.whl", hash = "sha256:4721f391ed90541fddacab5acf947aa0d3dc7d27b2e1e8eda2be8970586c3274", size = 11050, upload-time = "2024-12-04T17:35:26.475Z" },
]

[[package]]
name = "tamiza"
version = "0.1.0"
source = { editable = "." }
dependencies = [
    { name = "duckdb" },
    { name = "geopandas" },
    { name = "numpy" },
    { name = "openpyxl" },
    { name = "pandas" },
    { name = "polars" },
    { name = "psycopg", extra = ["binary"] },
]

[package.dev-dependencies]
dev = [
    { name = "pytest" },
    { name = "ruff" },
]

[package.metadata]
requires-dist = [
    { name = "duckdb", specifier = "==1.5.6" },
    { name = "geopandas", specifier = "==1.2.0" },
    { name = "numpy", specifier = "==2.5.3" },
    { name = "openpyxl", specifier = "==3.1.5" },
    { name = "pandas", specifier = "==3.0.6" },
    { name = "polars", specifier = "==1.44.2" },
    { name = "psycopg", extras = ["binary"], specifier = "==3.3.6" },
]

[package.metadata.requires-dev]
dev = [
    { name = "pytest", specifier = "==9.1.1" },
    { name = "ruff", specifier = "==0.16.10" },
]

[[package]]
name = "typing-extensions"
version = "4.16.0"
source = { registry = "https://pypi.org/simple" }
sdist = { url = "https://files.pythonhosted.org/packages/f6/cc/6253133b5bb138fc3306cebfbda2c520f545d36b5be2c7255cc528bb45d6/typing_extensions-4.16.0.tar.gz", hash = "sha256:dc983d19a509c94dba722ee6abd33940f7c05a89e243c47e907eb4db6f1a43e5", size = 113555, upload-time = "2026-07-02T08:40:05.92Z" }
wheels = [
    { url = "https://files.pythonhosted.org/packages/49/d3/b8441a820a491ddfc024b0b0cf0393375b75ea13866d9c66727e54c2fc80/typing_extensions-4.16.0-py3-none-any.whl", hash = "sha256:481caa481374e813c1b176ada14e97f1f67a4539ce9cfeb3f350d78d6370c2e8", size = 45571, upload-time = "2026-07-02T08:40:04.659Z" },
]

[[package]]
name = "tzdata"
version = "2026.4"
source = { registry = "https://pypi.org/simple" }
sdist = { url = "https://files.pythonhosted.org/packages/e4/31/3d74fa778a63b98b7374323befcc0be5ab3bd94afd4096a0124e7379152c/tzdata-2026.4.tar.gz", hash = "sha256:f1b8bd365d8d210c55353f4d7f8d6d8561c0ba50d704b700d195a9424bba0d79", size = 199350, upload-time = "2026-09-12T12:56:03.251Z" }
wheels = [
    { url = "https://files.pythonhosted.org/packages/f9/bc/8737e8d54cf51106118039b83f485a4783112fab49ea9d044b234978a46e/tzdata-2026.4-py2.py3-none-any.whl", hash = "sha256:c2169a8b0a7a5e9674da5a135ccdfb2b3e671b333ed9fed17b41f73c34476e81", size = 347494, upload-time = "2026-09-12T12:56:01.67Z" },
]
